
Microsoft Visual Studio Solution File, Format Version 12.00
# Visual Studio 15
VisualStudioVersion = 15.0.28307.329
MinimumVisualStudioVersion = 10.0.40219.1
Project("{FAE04EC0-301F-11D3-BF4B-00C04F79EFBC}") = "Console", "Console\Console.csproj", "{80CAC881-9F84-4851-A213-B87508D768D1}"
EndProject
Project("{FAE04EC0-301F-11D3-BF4B-00C04F79EFBC}") = "Console.Tests", "Console.Tests\Console.Tests.csproj", "{4D045A2D-EC7D-4FCB-8C8E-E847FCDFB1A1}"
EndProject
Global
	GlobalSection(SolutionConfigurationPlatforms) = preSolution
		Debug|Any CPU = Debug|Any CPU
		Release|Any CPU = Release|Any CPU
	EndGlobalSection
	GlobalSection(ProjectConfigurationPlatforms) = postSolution
		{80CAC881-9F84-4851-A213-B87508D768D1}.Debug|Any CPU.ActiveCfg = Debug|Any CPU
		{80CAC881-9F84-4851-A213-B87508D768D1}.Debug|Any CPU.Build.0 = Debug|Any CPU
		{80CAC881-9F84-4851-A213-B87508D768D1}.Release|Any CPU.ActiveCfg = Release|Any CPU
		{80CAC881-9F84-4851-A213-B87508D768D1}.Release|Any CPU.Build.0 = Release|Any CPU
		{4D045A2D-EC7D-4FCB-8C8E-E847FCDFB1A1}.Debug|Any CPU.ActiveCfg = Debug|Any CPU
		{4D045A2D-EC7D-4FCB-8C8E-E847FCDFB1A1}.Debug|Any CPU.Build.0 = Debug|Any CPU
		{4D045A2D-EC7D-4FCB-8C8E-E847FCDFB1A1}.Release|Any CPU.ActiveCfg = Release|Any CPU
		{4D045A2D-EC7D-4FCB-8C8E-E847FCDFB1A1}.Release|Any CPU.Build.0 = Release|Any CPU
	EndGlobalSection
	GlobalSection(SolutionProperties) = preSolution
		HideSolutionNode = FALSE
	EndGlobalSection
	GlobalSection(ExtensibilityGlobals) = postSolution
		SolutionGuid = {C94BC652-3942-4E0A-9FEF-EFB427AF4ECE}
	EndGlobalSection
EndGlobal
